
Microsoft Visual Studio Solution File, Format Version 12.00
# Visual Studio Version 17
VisualStudioVersion = 17.4.33403.182
MinimumVisualStudioVersion = 10.0.40219.1
Project("{FAE04EC0-301F-11D3-BF4B-00C04F79EFBC}") = "TestProject", "TestProject.csproj", "{C0BCD25A-C4DA-43A1-B5E4-A31A70C46C55}"
EndProject
Project("{FAE04EC0-301F-11D3-BF4B-00C04F79EFBC}") = "ListArray", "..\ListArray\ListArray.csproj", "{4EFB6925-794D-46CF-8C27-35A46A80A9B7}"
EndProject
Global
	GlobalSection(SolutionConfigurationPlatforms) = preSolution
		Debug|Any CPU = Debug|Any CPU
		Release|Any CPU = Release|Any CPU
	EndGlobalSection
	GlobalSection(ProjectConfigurationPlatforms) = postSolution
		{C0BCD25A-C4DA-43A1-B5E4-A31A70C46C55}.Debug|Any CPU.ActiveCfg = Debug|Any CPU
		{C0BCD25A-C4DA-43A1-B5E4-A31A70C46C55}.Debug|Any CPU.Build.0 = Debug|Any CPU
		{C0BCD25A-C4DA-43A1-B5E4-A31A70C46C55}.Release|Any CPU.ActiveCfg = Release|Any CPU
		{C0BCD25A-C4DA-43A1-B5E4-A31A70C46C55}.Release|Any CPU.Build.0 = Release|Any CPU
		{4EFB6925-794D-46CF-8C27-35A46A80A9B7}.Debug|Any CPU.ActiveCfg = Debug|Any CPU
		{4EFB6925-794D-46CF-8C27-35A46A80A9B7}.Debug|Any CPU.Build.0 = Debug|Any CPU
		{4EFB6925-794D-46CF-8C27-35A46A80A9B7}.Release|Any CPU.ActiveCfg = Release|Any CPU
		{4EFB6925-794D-46CF-8C27-35A46A80A9B7}.Release|Any CPU.Build.0 = Release|Any CPU
	EndGlobalSection
	GlobalSection(SolutionProperties) = preSolution
		HideSolutionNode = FALSE
	EndGlobalSection
	GlobalSection(ExtensibilityGlobals) = postSolution
		SolutionGuid = {D842DC79-1769-43CC-BC0A-42BB5BE3BB35}
	EndGlobalSection
EndGlobal
